
Microsoft Visual Studio Solution File, Format Version 12.00
# Visual Studio Version 17
VisualStudioVersion = 17.1.32421.90
MinimumVisualStudioVersion = 10.0.40219.1
Project("{FAE04EC0-301F-11D3-BF4B-00C04F79EFBC}") = "Esercizio 26 - Iannelli", "Esercizio 26 - Iannelli\Esercizio 26 - Iannelli.csproj", "{4FCE6239-CCDE-437D-BE11-4F4A2DE8D804}"
EndProject
Global
	GlobalSection(SolutionConfigurationPlatforms) = preSolution
		Debug|Any CPU = Debug|Any CPU
		Release|Any CPU = Release|Any CPU
	EndGlobalSection
	GlobalSection(ProjectConfigurationPlatforms) = postSolution
		{4FCE6239-CCDE-437D-BE11-4F4A2DE8D804}.Debug|Any CPU.ActiveCfg = Debug|Any CPU
		{4FCE6239-CCDE-437D-BE11-4F4A2DE8D804}.Debug|Any CPU.Build.0 = Debug|Any CPU
		{4FCE6239-CCDE-437D-BE11-4F4A2DE8D804}.Release|Any CPU.ActiveCfg = Release|Any CPU
		{4FCE6239-CCDE-437D-BE11-4F4A2DE8D804}.Release|Any CPU.Build.0 = Release|Any CPU
	EndGlobalSection
	GlobalSection(SolutionProperties) = preSolution
		HideSolutionNode = FALSE
	EndGlobalSection
	GlobalSection(ExtensibilityGlobals) = postSolution
		SolutionGuid = {F2F986E4-4A85-408E-9BC9-39386A557D63}
	EndGlobalSection
EndGlobal
